
Microsoft Visual Studio Solution File, Format Version 12.00
# Visual Studio Version 16
VisualStudioVersion = 16.0.31613.86
MinimumVisualStudioVersion = 10.0.40219.1
Project("{FAE04EC0-301F-11D3-BF4B-00C04F79EFBC}") = "MusicPlayer", "MusicPlayer\MusicPlayer.csproj", "{12DF7823-1082-42B8-ACF6-35C13FE0617A}"
EndProject
Global
	GlobalSection(SolutionConfigurationPlatforms) = preSolution
		Debug|Any CPU = Debug|Any CPU
		Release|Any CPU = Release|Any CPU
	EndGlobalSection
	GlobalSection(ProjectConfigurationPlatforms) = postSolution
		{12DF7823-1082-42B8-ACF6-35C13FE0617A}.Debug|Any CPU.ActiveCfg = Debug|Any CPU
		{12DF7823-1082-42B8-ACF6-35C13FE0617A}.Debug|Any CPU.Build.0 = Debug|Any CPU
		{12DF7823-1082-42B8-ACF6-35C13FE0617A}.Release|Any CPU.ActiveCfg = Release|Any CPU
		{12DF7823-1082-42B8-ACF6-35C13FE0617A}.Release|Any CPU.Build.0 = Release|Any CPU
	EndGlobalSection
	GlobalSection(SolutionProperties) = preSolution
		HideSolutionNode = FALSE
	EndGlobalSection
	GlobalSection(ExtensibilityGlobals) = postSolution
		SolutionGuid = {948D121E-5250-4B59-BF33-8C94F4E28573}
	EndGlobalSection
EndGlobal
