
Microsoft Visual Studio Solution File, Format Version 12.00
# Visual Studio Version 17
VisualStudioVersion = 17.11.35219.272
MinimumVisualStudioVersion = 10.0.40219.1
Project("{9A19103F-16F7-4668-BE54-9A1E7A4F7556}") = "MusicPlayer", "MusicPlayer\MusicPlayer.csproj", "{E1779217-9A1B-4446-A6D0-0F0FC300E76F}"
EndProject
Project("{C7167F0D-BC9F-4E6E-AFE1-012C56B48DB5}") = "MusicPlayer.Packaging", "MusicPlayer.Packaging\MusicPlayer.Packaging.wapproj", "{F32BF10E-26F1-4C3A-A6EE-A4EA296EBB5C}"
EndProject
Project("{FAE04EC0-301F-11D3-BF4B-00C04F79EFBC}") = "MusicPlayer.Database", "MusicPlayer.Database\MusicPlayer.Database.csproj", "{D8250280-E18B-456E-8F15-0EFB66F89D18}"
EndProject
Project("{FAE04EC0-301F-11D3-BF4B-00C04F79EFBC}") = "MusicPlayer.Shared", "MusicPlayer.Shared\MusicPlayer.Shared.csproj", "{4FC73F0B-9111-4B55-AABA-D867773D8474}"
EndProject
Global
	GlobalSection(SolutionConfigurationPlatforms) = preSolution
		Debug|Any CPU = Debug|Any CPU
		Debug|ARM = Debug|ARM
		Debug|ARM64 = Debug|ARM64
		Debug|x64 = Debug|x64
		Debug|x86 = Debug|x86
		Release|Any CPU = Release|Any CPU
		Release|ARM = Release|ARM
		Release|ARM64 = Release|ARM64
		Release|x64 = Release|x64
		Release|x86 = Release|x86
	EndGlobalSection
	GlobalSection(ProjectConfigurationPlatforms) = postSolution
		{E1779217-9A1B-4446-A6D0-0F0FC300E76F}.Debug|Any CPU.ActiveCfg = Debug|Any CPU
		{E1779217-9A1B-4446-A6D0-0F0FC300E76F}.Debug|Any CPU.Build.0 = Debug|Any CPU
		{E1779217-9A1B-4446-A6D0-0F0FC300E76F}.Debug|ARM.ActiveCfg = Debug|Any CPU
		{E1779217-9A1B-4446-A6D0-0F0FC300E76F}.Debug|ARM.Build.0 = Debug|Any CPU
		{E1779217-9A1B-4446-A6D0-0F0FC300E76F}.Debug|ARM64.ActiveCfg = Debug|Any CPU
		{E1779217-9A1B-4446-A6D0-0F0FC300E76F}.Debug|ARM64.Build.0 = Debug|Any CPU
		{E1779217-9A1B-4446-A6D0-0F0FC300E76F}.Debug|x64.ActiveCfg = Debug|Any CPU
		{E1779217-9A1B-4446-A6D0-0F0FC300E76F}.Debug|x64.Build.0 = Debug|Any CPU
		{E1779217-9A1B-4446-A6D0-0F0FC300E76F}.Debug|x86.ActiveCfg = Debug|Any CPU
		{E1779217-9A1B-4446-A6D0-0F0FC300E76F}.Debug|x86.Build.0 = Debug|Any CPU
		{E1779217-9A1B-4446-A6D0-0F0FC300E76F}.Release|Any CPU.ActiveCfg = Release|Any CPU
		{E1779217-9A1B-4446-A6D0-0F0FC300E76F}.Release|Any CPU.Build.0 = Release|Any CPU
		{E1779217-9A1B-4446-A6D0-0F0FC300E76F}.Release|ARM.ActiveCfg = Release|Any CPU
		{E1779217-9A1B-4446-A6D0-0F0FC300E76F}.Release|ARM.Build.0 = Release|Any CPU
		{E1779217-9A1B-4446-A6D0-0F0FC300E76F}.Release|ARM64.ActiveCfg = Release|Any CPU
		{E1779217-9A1B-4446-A6D0-0F0FC300E76F}.Release|ARM64.Build.0 = Release|Any CPU
		{E1779217-9A1B-4446-A6D0-0F0FC300E76F}.Release|x64.ActiveCfg = Release|Any CPU
		{E1779217-9A1B-4446-A6D0-0F0FC300E76F}.Release|x64.Build.0 = Release|Any CPU
		{E1779217-9A1B-4446-A6D0-0F0FC300E76F}.Release|x86.ActiveCfg = Release|Any CPU
		{E1779217-9A1B-4446-A6D0-0F0FC300E76F}.Release|x86.Build.0 = Release|Any CPU
		{F32BF10E-26F1-4C3A-A6EE-A4EA296EBB5C}.Debug|Any CPU.ActiveCfg = Debug|Any CPU
		{F32BF10E-26F1-4C3A-A6EE-A4EA296EBB5C}.Debug|Any CPU.Build.0 = Debug|Any CPU
		{F32BF10E-26F1-4C3A-A6EE-A4EA296EBB5C}.Debug|Any CPU.Deploy.0 = Debug|Any CPU
		{F32BF10E-26F1-4C3A-A6EE-A4EA296EBB5C}.Debug|ARM.ActiveCfg = Debug|ARM
		{F32BF10E-26F1-4C3A-A6EE-A4EA296EBB5C}.Debug|ARM.Build.0 = Debug|ARM
		{F32BF10E-26F1-4C3A-A6EE-A4EA296EBB5C}.Debug|ARM.Deploy.0 = Debug|ARM
		{F32BF10E-26F1-4C3A-A6EE-A4EA296EBB5C}.Debug|ARM64.ActiveCfg = Debug|ARM64
		{F32BF10E-26F1-4C3A-A6EE-A4EA296EBB5C}.Debug|ARM64.Build.0 = Debug|ARM64
		{F32BF10E-26F1-4C3A-A6EE-A4EA296EBB5C}.Debug|ARM64.Deploy.0 = Debug|ARM64
		{F32BF10E-26F1-4C3A-A6EE-A4EA296EBB5C}.Debug|x64.ActiveCfg = Debug|x64
		{F32BF10E-26F1-4C3A-A6EE-A4EA296EBB5C}.Debug|x64.Build.0 = Debug|x64
		{F32BF10E-26F1-4C3A-A6EE-A4EA296EBB5C}.Debug|x64.Deploy.0 = Debug|x64
		{F32BF10E-26F1-4C3A-A6EE-A4EA296EBB5C}.Debug|x86.ActiveCfg = Debug|x86
		{F32BF10E-26F1-4C3A-A6EE-A4EA296EBB5C}.Debug|x86.Build.0 = Debug|x86
		{F32BF10E-26F1-4C3A-A6EE-A4EA296EBB5C}.Debug|x86.Deploy.0 = Debug|x86
		{F32BF10E-26F1-4C3A-A6EE-A4EA296EBB5C}.Release|Any CPU.ActiveCfg = Release|Any CPU
		{F32BF10E-26F1-4C3A-A6EE-A4EA296EBB5C}.Release|Any CPU.Build.0 = Release|Any CPU
		{F32BF10E-26F1-4C3A-A6EE-A4EA296EBB5C}.Release|Any CPU.Deploy.0 = Release|Any CPU
		{F32BF10E-26F1-4C3A-A6EE-A4EA296EBB5C}.Release|ARM.ActiveCfg = Release|ARM
		{F32BF10E-26F1-4C3A-A6EE-A4EA296EBB5C}.Release|ARM.Build.0 = Release|ARM
		{F32BF10E-26F1-4C3A-A6EE-A4EA296EBB5C}.Release|ARM.Deploy.0 = Release|ARM
		{F32BF10E-26F1-4C3A-A6EE-A4EA296EBB5C}.Release|ARM64.ActiveCfg = Release|ARM64
		{F32BF10E-26F1-4C3A-A6EE-A4EA296EBB5C}.Release|ARM64.Build.0 = Release|ARM64
		{F32BF10E-26F1-4C3A-A6EE-A4EA296EBB5C}.Release|ARM64.Deploy.0 = Release|ARM64
		{F32BF10E-26F1-4C3A-A6EE-A4EA296EBB5C}.Release|x64.ActiveCfg = Release|x64
		{F32BF10E-26F1-4C3A-A6EE-A4EA296EBB5C}.Release|x64.Build.0 = Release|x64
		{F32BF10E-26F1-4C3A-A6EE-A4EA296EBB5C}.Release|x64.Deploy.0 = Release|x64
		{F32BF10E-26F1-4C3A-A6EE-A4EA296EBB5C}.Release|x86.ActiveCfg = Release|x86
		{F32BF10E-26F1-4C3A-A6EE-A4EA296EBB5C}.Release|x86.Build.0 = Release|x86
		{F32BF10E-26F1-4C3A-A6EE-A4EA296EBB5C}.Release|x86.Deploy.0 = Release|x86
		{D8250280-E18B-456E-8F15-0EFB66F89D18}.Debug|Any CPU.ActiveCfg = Debug|Any CPU
		{D8250280-E18B-456E-8F15-0EFB66F89D18}.Debug|Any CPU.Build.0 = Debug|Any CPU
		{D8250280-E18B-456E-8F15-0EFB66F89D18}.Debug|ARM.ActiveCfg = Debug|Any CPU
		{D8250280-E18B-456E-8F15-0EFB66F89D18}.Debug|ARM.Build.0 = Debug|Any CPU
		{D8250280-E18B-456E-8F15-0EFB66F89D18}.Debug|ARM64.ActiveCfg = Debug|Any CPU
		{D8250280-E18B-456E-8F15-0EFB66F89D18}.Debug|ARM64.Build.0 = Debug|Any CPU
		{D8250280-E18B-456E-8F15-0EFB66F89D18}.Debug|x64.ActiveCfg = Debug|Any CPU
		{D8250280-E18B-456E-8F15-0EFB66F89D18}.Debug|x64.Build.0 = Debug|Any CPU
		{D8250280-E18B-456E-8F15-0EFB66F89D18}.Debug|x86.ActiveCfg = Debug|Any CPU
		{D8250280-E18B-456E-8F15-0EFB66F89D18}.Debug|x86.Build.0 = Debug|Any CPU
		{D8250280-E18B-456E-8F15-0EFB66F89D18}.Release|Any CPU.ActiveCfg = Release|Any CPU
		{D8250280-E18B-456E-8F15-0EFB66F89D18}.Release|Any CPU.Build.0 = Release|Any CPU
		{D8250280-E18B-456E-8F15-0EFB66F89D18}.Release|ARM.ActiveCfg = Release|Any CPU
		{D8250280-E18B-456E-8F15-0EFB66F89D18}.Release|ARM.Build.0 = Release|Any CPU
		{D8250280-E18B-456E-8F15-0EFB66F89D18}.Release|ARM64.ActiveCfg = Release|Any CPU
		{D8250280-E18B-456E-8F15-0EFB66F89D18}.Release|ARM64.Build.0 = Release|Any CPU
		{D8250280-E18B-456E-8F15-0EFB66F89D18}.Release|x64.ActiveCfg = Release|Any CPU
		{D8250280-E18B-456E-8F15-0EFB66F89D18}.Release|x64.Build.0 = Release|Any CPU
		{D8250280-E18B-456E-8F15-0EFB66F89D18}.Release|x86.ActiveCfg = Release|Any CPU
		{D8250280-E18B-456E-8F15-0EFB66F89D18}.Release|x86.Build.0 = Release|Any CPU
		{4FC73F0B-9111-4B55-AABA-D867773D8474}.Debug|Any CPU.ActiveCfg = Debug|Any CPU
		{4FC73F0B-9111-4B55-AABA-D867773D8474}.Debug|Any CPU.Build.0 = Debug|Any CPU
		{4FC73F0B-9111-4B55-AABA-D867773D8474}.Debug|ARM.ActiveCfg = Debug|Any CPU
		{4FC73F0B-9111-4B55-AABA-D867773D8474}.Debug|ARM.Build.0 = Debug|Any CPU
		{4FC73F0B-9111-4B55-AABA-D867773D8474}.Debug|ARM64.ActiveCfg = Debug|Any CPU
		{4FC73F0B-9111-4B55-AABA-D867773D8474}.Debug|ARM64.Build.0 = Debug|Any CPU
		{4FC73F0B-9111-4B55-AABA-D867773D8474}.Debug|x64.ActiveCfg = Debug|Any CPU
		{4FC73F0B-9111-4B55-AABA-D867773D8474}.Debug|x64.Build.0 = Debug|Any CPU
		{4FC73F0B-9111-4B55-AABA-D867773D8474}.Debug|x86.ActiveCfg = Debug|Any CPU
		{4FC73F0B-9111-4B55-AABA-D867773D8474}.Debug|x86.Build.0 = Debug|Any CPU
		{4FC73F0B-9111-4B55-AABA-D867773D8474}.Release|Any CPU.ActiveCfg = Release|Any CPU
		{4FC73F0B-9111-4B55-AABA-D867773D8474}.Release|Any CPU.Build.0 = Release|Any CPU
		{4FC73F0B-9111-4B55-AABA-D867773D8474}.Release|ARM.ActiveCfg = Release|Any CPU
		{4FC73F0B-9111-4B55-AABA-D867773D8474}.Release|ARM.Build.0 = Release|Any CPU
		{4FC73F0B-9111-4B55-AABA-D867773D8474}.Release|ARM64.ActiveCfg = Release|Any CPU
		{4FC73F0B-9111-4B55-AABA-D867773D8474}.Release|ARM64.Build.0 = Release|Any CPU
		{4FC73F0B-9111-4B55-AABA-D867773D8474}.Release|x64.ActiveCfg = Release|Any CPU
		{4FC73F0B-9111-4B55-AABA-D867773D8474}.Release|x64.Build.0 = Release|Any CPU
		{4FC73F0B-9111-4B55-AABA-D867773D8474}.Release|x86.ActiveCfg = Release|Any CPU
		{4FC73F0B-9111-4B55-AABA-D867773D8474}.Release|x86.Build.0 = Release|Any CPU
	EndGlobalSection
	GlobalSection(SolutionProperties) = preSolution
		HideSolutionNode = FALSE
	EndGlobalSection
	GlobalSection(ExtensibilityGlobals) = postSolution
		SolutionGuid = {7D5D0AAD-99CB-4156-8433-92AB850920C4}
	EndGlobalSection
EndGlobal
